# This file is autogenerated, do not edit; changes may be undone by the next 'dep ensure'.


[[projects]]
  branch = "master"
  name = "github.com/DeedleFake/wdte"
  packages = [".","ast","ast/internal/pgen","scanner","std","std/math","std/stream"]
  revision = "712ba20f57e613d9637e2afcf277ebb5c08afe3f"

[[projects]]
  branch = "master"
  name = "golang.org/x/sys"
  packages = ["unix"]
  revision = "314a259e304ff91bd6985da2a7149bbf91237993"

[solve-meta]
  analyzer-name = "dep"
  analyzer-version = 1
  inputs-digest = "5ca2c39226a6b23a4695cd56ad3733076d1335abeea5950ebb83a185dbe92ab7"
  solver-name = "gps-cdcl"
  solver-version = 1
